Microsoft Visual Studio Solution File, Format Version 12.00
# Visual Studio Version 17
VisualStudioVersion = 17.13.35806.99
MinimumVisualStudioVersion = 10.0.40219.1
Project("{FAE04EC0-301F-11D3-BF4B-00C04F79EFBC}") = "Starry.NET", "starry.net\Starry.NET.csproj", "{1733E27E-A9E3-416C-B5AF-036D2780B62B}"
EndProject
Project("{FAE04EC0-301F-11D3-BF4B-00C04F79EFBC}") = "Game", "game\Game.csproj", "{804FB415-588D-46F0-ACA0-0A1ECA06C909}"
EndProject
Project("{2150E333-8FDC-42A3-9474-1A3956D46DE8}") = "Solution Items", "Solution Items", "{02EA681E-C7D8-13C7-8484-4AC65E1B71E8}"
	ProjectSection(SolutionItems) = preProject
		.editorconfig = .editorconfig
	EndProjectSection
EndProject
Global
	GlobalSection(SolutionConfigurationPlatforms) = preSolution
		Debug|Any CPU = Debug|Any CPU
		Release|Any CPU = Release|Any CPU
	EndGlobalSection
	GlobalSection(ProjectConfigurationPlatforms) = postSolution
		{1733E27E-A9E3-416C-B5AF-036D2780B62B}.Debug|Any CPU.ActiveCfg = Debug|Any CPU
		{1733E27E-A9E3-416C-B5AF-036D2780B62B}.Debug|Any CPU.Build.0 = Debug|Any CPU
		{1733E27E-A9E3-416C-B5AF-036D2780B62B}.Release|Any CPU.ActiveCfg = Release|Any CPU
		{1733E27E-A9E3-416C-B5AF-036D2780B62B}.Release|Any CPU.Build.0 = Release|Any CPU
		{804FB415-588D-46F0-ACA0-0A1ECA06C909}.Debug|Any CPU.ActiveCfg = Debug|Any CPU
		{804FB415-588D-46F0-ACA0-0A1ECA06C909}.Debug|Any CPU.Build.0 = Debug|Any CPU
		{804FB415-588D-46F0-ACA0-0A1ECA06C909}.Release|Any CPU.ActiveCfg = Release|Any CPU
		{804FB415-588D-46F0-ACA0-0A1ECA06C909}.Release|Any CPU.Build.0 = Release|Any CPU
	EndGlobalSection
	GlobalSection(SolutionProperties) = preSolution
		HideSolutionNode = FALSE
	EndGlobalSection
	GlobalSection(ExtensibilityGlobals) = postSolution
		SolutionGuid = {79A560E9-F2BA-4E24-9FE3-E555B184D24B}
	EndGlobalSection
EndGlobal
